
Microsoft Visual Studio Solution File, Format Version 12.00
# Visual Studio Version 17
VisualStudioVersion = 17.4.33103.184
MinimumVisualStudioVersion = 10.0.40219.1
Project("{FAE04EC0-301F-11D3-BF4B-00C04F79EFBC}") = "SpaceInvaders", "SpaceInvaders\SpaceInvaders.csproj", "{CF8DFB1D-A18A-4AC0-98CF-56BE9B66D324}"
EndProject
Global
	GlobalSection(SolutionConfigurationPlatforms) = preSolution
		Debug|Any CPU = Debug|Any CPU
		Release|Any CPU = Release|Any CPU
	EndGlobalSection
	GlobalSection(ProjectConfigurationPlatforms) = postSolution
		{CF8DFB1D-A18A-4AC0-98CF-56BE9B66D324}.Debug|Any CPU.ActiveCfg = Debug|Any CPU
		{CF8DFB1D-A18A-4AC0-98CF-56BE9B66D324}.Debug|Any CPU.Build.0 = Debug|Any CPU
		{CF8DFB1D-A18A-4AC0-98CF-56BE9B66D324}.Release|Any CPU.ActiveCfg = Release|Any CPU
		{CF8DFB1D-A18A-4AC0-98CF-56BE9B66D324}.Release|Any CPU.Build.0 = Release|Any CPU
	EndGlobalSection
	GlobalSection(SolutionProperties) = preSolution
		HideSolutionNode = FALSE
	EndGlobalSection
	GlobalSection(ExtensibilityGlobals) = postSolution
		SolutionGuid = {F2255B01-182D-4CE5-8DD5-60E3D81ACF5B}
	EndGlobalSection
EndGlobal
